// !$*UTF8*$!
{
	archiveVersion = 1;
	classes = {
	};
	objectVersion = 48;
	objects = {

/* Begin PBXBuildFile section */
		254DCB5F2043F8DE00146CA0 /* MasterViewController.swift in Sources */ = {isa = PBXBuildFile; fileRef = 254DCB5C2043F8DD00146CA0 /* MasterViewController.swift */; };
		254DCB612043F8DE00146CA0 /* DetailViewController.swift in Sources */ = {isa = PBXBuildFile; fileRef = 254DCB5E2043F8DD00146CA0 /* DetailViewController.swift */; };
		25C4AC3B2043F8FE00B4988F /* Main.storyboard in Resources */ = {isa = PBXBuildFile; fileRef = 25C4AC3A2043F8FE00B4988F /* Main.storyboard */; };
		25C4AC5D2043FC6200B4988F /* AppDelegate.swift in Sources */ = {isa = PBXBuildFile; fileRef = 25C4AC5C2043FC6200B4988F /* AppDelegate.swift */; };
		25E46371203CDCF400539375 /* ViewController.swift in Sources */ = {isa = PBXBuildFile; fileRef = 25E46370203CDCF400539375 /* ViewController.swift */; };
		25E46376203CDCF400539375 /* Assets.xcassets in Resources */ = {isa = PBXBuildFile; fileRef = 25E46375203CDCF400539375 /* Assets.xcassets */; };
		25E46379203CDCF400539375 /* LaunchScreen.storyboard in Resources */ = {isa = PBXBuildFile; fileRef = 25E46377203CDCF400539375 /* LaunchScreen.storyboard */; };
		25E46384203CDCF400539375 /* stchyTests.swift in Sources */ = {isa = PBXBuildFile; fileRef = 25E46383203CDCF400539375 /* stchyTests.swift */; };
		25E4638F203CDCF400539375 /* stchyUITests.swift in Sources */ = {isa = PBXBuildFile; fileRef = 25E4638E203CDCF400539375 /* stchyUITests.swift */; };
		25E463A1203CF1A700539375 /* GiphySearchAPI.swift in Sources */ = {isa = PBXBuildFile; fileRef = 25E463A0203CF1A700539375 /* GiphySearchAPI.swift */; };
		25E463A3203CF31700539375 /* GiphyResult.swift in Sources */ = {isa = PBXBuildFile; fileRef = 25E463A2203CF31700539375 /* GiphyResult.swift */; };
		25E463A5203D103700539375 /* GiphySearchViewController.swift in Sources */ = {isa = PBXBuildFile; fileRef = 25E463A4203D103700539375 /* GiphySearchViewController.swift */; };
		25F4764D203E309300D63AC0 /* GiphySearchTableViewCell.swift in Sources */ = {isa = PBXBuildFile; fileRef = 25F4764C203E309300D63AC0 /* GiphySearchTableViewCell.swift */; };
		38CD3BE03420C6110CD42010 /* Pods_stchyUITests.framework in Frameworks */ = {isa = PBXBuildFile; fileRef = 3D475454D0C20779C9A6B478 /* Pods_stchyUITests.framework */; };
		4E4F493AFA4048642441BD97 /* Pods_stchyTests.framework in Frameworks */ = {isa = PBXBuildFile; fileRef = 3E60C986466169DA27E88509 /* Pods_stchyTests.framework */; };
		7D0620106E8C1C788D15FCDB /* Pods_stchy.framework in Frameworks */ = {isa = PBXBuildFile; fileRef = E87A0BDE80B77C948F701AEF /* Pods_stchy.framework */; };
/* End PBXBuildFile section */

/* Begin PBXContainerItemProxy section */
		25E46380203CDCF400539375 /* PBXContainerItemProxy */ = {
			isa = PBXContainerItemProxy;
			containerPortal = 25E46363203CDCF300539375 /* Project object */;
			proxyType = 1;
			remoteGlobalIDString = 25E4636A203CDCF300539375;
			remoteInfo = stchy;
		};
		25E4638B203CDCF400539375 /* PBXContainerItemProxy */ = {
			isa = PBXContainerItemProxy;
			containerPortal = 25E46363203CDCF300539375 /* Project object */;
			proxyType = 1;
			remoteGlobalIDString = 25E4636A203CDCF300539375;
			remoteInfo = stchy;
		};
/* End PBXContainerItemProxy section */

/* Begin PBXFileReference section */
		18ED6F3E2BC75E7980F904A3 /* Pods-stchy.debug.xcconfig */ = {isa = PBXFileReference; includeInIndex = 1; lastKnownFileType = text.xcconfig; name = "Pods-stchy.debug.xcconfig"; path = "Pods/Target Support Files/Pods-stchy/Pods-stchy.debug.xcconfig"; sourceTree = "<group>"; };
		254DCB5C2043F8DD00146CA0 /* MasterViewController.swift */ = {isa = PBXFileReference; fileEncoding = 4; lastKnownFileType = sourcecode.swift; path = MasterViewController.swift; sourceTree = "<group>"; };
		254DCB5E2043F8DD00146CA0 /* DetailViewController.swift */ = {isa = PBXFileReference; fileEncoding = 4; lastKnownFileType = sourcecode.swift; path = DetailViewController.swift; sourceTree = "<group>"; };
		25C4AC3A2043F8FE00B4988F /* Main.storyboard */ = {isa = PBXFileReference; fileEncoding = 4; lastKnownFileType = file.storyboard; path = Main.storyboard; sourceTree = "<group>"; };
		25C4AC5C2043FC6200B4988F /* AppDelegate.swift */ = {isa = PBXFileReference; fileEncoding = 4; lastKnownFileType = sourcecode.swift; path = AppDelegate.swift; sourceTree = "<group>"; };
		25E4636B203CDCF400539375 /* stchy.app */ = {isa = PBXFileReference; explicitFileType = wrapper.application; includeInIndex = 0; path = stchy.app; sourceTree = BUILT_PRODUCTS_DIR; };
		25E46370203CDCF400539375 /* ViewController.swift */ = {isa = PBXFileReference; lastKnownFileType = sourcecode.swift; path = ViewController.swift; sourceTree = "<group>"; };
		25E46375203CDCF400539375 /* Assets.xcassets */ = {isa = PBXFileReference; lastKnownFileType = folder.assetcatalog; path = Assets.xcassets; sourceTree = "<group>"; };
		25E46378203CDCF400539375 /* Base */ = {isa = PBXFileReference; lastKnownFileType = file.storyboard; name = Base; path = Base.lproj/LaunchScreen.storyboard; sourceTree = "<group>"; };
		25E4637A203CDCF400539375 /* Info.plist */ = {isa = PBXFileReference; lastKnownFileType = text.plist.xml; path = Info.plist; sourceTree = "<group>"; };
		25E4637F203CDCF400539375 /* stchyTests.xctest */ = {isa = PBXFileReference; explicitFileType = wrapper.cfbundle; includeInIndex = 0; path = stchyTests.xctest; sourceTree = BUILT_PRODUCTS_DIR; };
		25E46383203CDCF400539375 /* stchyTests.swift */ = {isa = PBXFileReference; lastKnownFileType = sourcecode.swift; path = stchyTests.swift; sourceTree = "<group>"; };
		25E46385203CDCF400539375 /* Info.plist */ = {isa = PBXFileReference; lastKnownFileType = text.plist.xml; path = Info.plist; sourceTree = "<group>"; };
		25E4638A203CDCF400539375 /* stchyUITests.xctest */ = {isa = PBXFileReference; explicitFileType = wrapper.cfbundle; includeInIndex = 0; path = stchyUITests.xctest; sourceTree = BUILT_PRODUCTS_DIR; };
		25E4638E203CDCF400539375 /* stchyUITests.swift */ = {isa = PBXFileReference; lastKnownFileType = sourcecode.swift; path = stchyUITests.swift; sourceTree = "<group>"; };
		25E46390203CDCF400539375 /* Info.plist */ = {isa = PBXFileReference; lastKnownFileType = text.plist.xml; path = Info.plist; sourceTree = "<group>"; };
		25E463A0203CF1A700539375 /* GiphySearchAPI.swift */ = {isa = PBXFileReference; lastKnownFileType = sourcecode.swift; path = GiphySearchAPI.swift; sourceTree = "<group>"; };
		25E463A2203CF31700539375 /* GiphyResult.swift */ = {isa = PBXFileReference; lastKnownFileType = sourcecode.swift; path = GiphyResult.swift; sourceTree = "<group>"; };
		25E463A4203D103700539375 /* GiphySearchViewController.swift */ = {isa = PBXFileReference; lastKnownFileType = sourcecode.swift; path = GiphySearchViewController.swift; sourceTree = "<group>"; };
		25F4764C203E309300D63AC0 /* GiphySearchTableViewCell.swift */ = {isa = PBXFileReference; lastKnownFileType = sourcecode.swift; path = GiphySearchTableViewCell.swift; sourceTree = "<group>"; };
		31AC3AC9436CC4661C6014A4 /* Pods-stchy.release.xcconfig */ = {isa = PBXFileReference; includeInIndex = 1; lastKnownFileType = text.xcconfig; name = "Pods-stchy.release.xcconfig"; path = "Pods/Target Support Files/Pods-stchy/Pods-stchy.release.xcconfig"; sourceTree = "<group>"; };
		3D475454D0C20779C9A6B478 /* Pods_stchyUITests.framework */ = {isa = PBXFileReference; explicitFileType = wrapper.framework; includeInIndex = 0; path = Pods_stchyUITests.framework; sourceTree = BUILT_PRODUCTS_DIR; };
		3E60C986466169DA27E88509 /* Pods_stchyTests.framework */ = {isa = PBXFileReference; explicitFileType = wrapper.framework; includeInIndex = 0; path = Pods_stchyTests.framework; sourceTree = BUILT_PRODUCTS_DIR; };
		40AFB4F13AEE7AD95831D15B /* Pods-stchyUITests.release.xcconfig */ = {isa = PBXFileReference; includeInIndex = 1; lastKnownFileType = text.xcconfig; name = "Pods-stchyUITests.release.xcconfig"; path = "Pods/Target Support Files/Pods-stchyUITests/Pods-stchyUITests.release.xcconfig"; sourceTree = "<group>"; };
		605449E064FADF59A4EE68DC /* Pods-stchyTests.release.xcconfig */ = {isa = PBXFileReference; includeInIndex = 1; lastKnownFileType = text.xcconfig; name = "Pods-stchyTests.release.xcconfig"; path = "Pods/Target Support Files/Pods-stchyTests/Pods-stchyTests.release.xcconfig"; sourceTree = "<group>"; };
		CBE021151716BEFC32BB5F5B /* Pods-stchyUITests.debug.xcconfig */ = {isa = PBXFileReference; includeInIndex = 1; lastKnownFileType = text.xcconfig; name = "Pods-stchyUITests.debug.xcconfig"; path = "Pods/Target Support Files/Pods-stchyUITests/Pods-stchyUITests.debug.xcconfig"; sourceTree = "<group>"; };
		E1954F48CD6D30A507383C6D /* Pods-stchyTests.debug.xcconfig */ = {isa = PBXFileReference; includeInIndex = 1; lastKnownFileType = text.xcconfig; name = "Pods-stchyTests.debug.xcconfig"; path = "Pods/Target Support Files/Pods-stchyTests/Pods-stchyTests.debug.xcconfig"; sourceTree = "<group>"; };
		E87A0BDE80B77C948F701AEF /* Pods_stchy.framework */ = {isa = PBXFileReference; explicitFileType = wrapper.framework; includeInIndex = 0; path = Pods_stchy.framework; sourceTree = BUILT_PRODUCTS_DIR; };
/* End PBXFileReference section */

/* Begin PBXFrameworksBuildPhase section */
		25E46368203CDCF300539375 /* Frameworks */ = {
			isa = PBXFrameworksBuildPhase;
			buildActionMask = 2147483647;
			files = (
				7D0620106E8C1C788D15FCDB /* Pods_stchy.framework in Frameworks */,
			);
			runOnlyForDeploymentPostprocessing = 0;
		};
		25E4637C203CDCF400539375 /* Frameworks */ = {
			isa = PBXFrameworksBuildPhase;
			buildActionMask = 2147483647;
			files = (
				4E4F493AFA4048642441BD97 /* Pods_stchyTests.framework in Frameworks */,
			);
			runOnlyForDeploymentPostprocessing = 0;
		};
		25E46387203CDCF400539375 /* Frameworks */ = {
			isa = PBXFrameworksBuildPhase;
			buildActionMask = 2147483647;
			files = (
				38CD3BE03420C6110CD42010 /* Pods_stchyUITests.framework in Frameworks */,
			);
			runOnlyForDeploymentPostprocessing = 0;
		};
/* End PBXFrameworksBuildPhase section */

/* Begin PBXGroup section */
		25E46362203CDCF300539375 = {
			isa = PBXGroup;
			children = (
				25E4636D203CDCF400539375 /* stchy */,
				25E46382203CDCF400539375 /* stchyTests */,
				25E4638D203CDCF400539375 /* stchyUITests */,
				25E4636C203CDCF400539375 /* Products */,
				D0D438E9DA1A2ECD6E78E19D /* Pods */,
				30734192DC0E7E487EA6A5F3 /* Frameworks */,
			);
			sourceTree = "<group>";
		};
		25E4636C203CDCF400539375 /* Products */ = {
			isa = PBXGroup;
			children = (
				25E4636B203CDCF400539375 /* stchy.app */,
				25E4637F203CDCF400539375 /* stchyTests.xctest */,
				25E4638A203CDCF400539375 /* stchyUITests.xctest */,
			);
			name = Products;
			sourceTree = "<group>";
		};
		25E4636D203CDCF400539375 /* stchy */ = {
			isa = PBXGroup;
			children = (
				25E4639C203CF11A00539375 /* Models */,
				25E4639D203CF12100539375 /* Views */,
				25E4639E203CF12500539375 /* Controllers */,
				25E4639F203CF14300539375 /* SupportingFiles */,
			);
			path = stchy;
			sourceTree = "<group>";
		};
		25E46382203CDCF400539375 /* stchyTests */ = {
			isa = PBXGroup;
			children = (
				25E46383203CDCF400539375 /* stchyTests.swift */,
				25E46385203CDCF400539375 /* Info.plist */,
			);
			path = stchyTests;
			sourceTree = "<group>";
		};
		25E4638D203CDCF400539375 /* stchyUITests */ = {
			isa = PBXGroup;
			children = (
				25E4638E203CDCF400539375 /* stchyUITests.swift */,
				25E46390203CDCF400539375 /* Info.plist */,
			);
			path = stchyUITests;
			sourceTree = "<group>";
		};
		25E4639C203CF11A00539375 /* Models */ = {
			isa = PBXGroup;
			children = (
				25E463A2203CF31700539375 /* GiphyResult.swift */,
			);
			path = Models;
			sourceTree = "<group>";
		};
		25E4639D203CF12100539375 /* Views */ = {
			isa = PBXGroup;
			children = (
				25C4AC3A2043F8FE00B4988F /* Main.storyboard */,
				25E46375203CDCF400539375 /* Assets.xcassets */,
				25E46377203CDCF400539375 /* LaunchScreen.storyboard */,
				25F4764C203E309300D63AC0 /* GiphySearchTableViewCell.swift */,
			);
			path = Views;
			sourceTree = "<group>";
		};
		25E4639E203CF12500539375 /* Controllers */ = {
			isa = PBXGroup;
			children = (
				25C4AC5C2043FC6200B4988F /* AppDelegate.swift */,
				254DCB5E2043F8DD00146CA0 /* DetailViewController.swift */,
				254DCB5C2043F8DD00146CA0 /* MasterViewController.swift */,
				25E46370203CDCF400539375 /* ViewController.swift */,
				25E463A0203CF1A700539375 /* GiphySearchAPI.swift */,
				25E463A4203D103700539375 /* GiphySearchViewController.swift */,
			);
			path = Controllers;
			sourceTree = "<group>";
		};
		25E4639F203CF14300539375 /* SupportingFiles */ = {
			isa = PBXGroup;
			children = (
				25E4637A203CDCF400539375 /* Info.plist */,
			);
			path = SupportingFiles;
			sourceTree = "<group>";
		};
		30734192DC0E7E487EA6A5F3 /* Frameworks */ = {
			isa = PBXGroup;
			children = (
				E87A0BDE80B77C948F701AEF /* Pods_stchy.framework */,
				3E60C986466169DA27E88509 /* Pods_stchyTests.framework */,
				3D475454D0C20779C9A6B478 /* Pods_stchyUITests.framework */,
			);
			name = Frameworks;
			sourceTree = "<group>";
		};
		D0D438E9DA1A2ECD6E78E19D /* Pods */ = {
			isa = PBXGroup;
			children = (
				18ED6F3E2BC75E7980F904A3 /* Pods-stchy.debug.xcconfig */,
				31AC3AC9436CC4661C6014A4 /* Pods-stchy.release.xcconfig */,
				E1954F48CD6D30A507383C6D /* Pods-stchyTests.debug.xcconfig */,
				605449E064FADF59A4EE68DC /* Pods-stchyTests.release.xcconfig */,
				CBE021151716BEFC32BB5F5B /* Pods-stchyUITests.debug.xcconfig */,
				40AFB4F13AEE7AD95831D15B /* Pods-stchyUITests.release.xcconfig */,
			);
			name = Pods;
			sourceTree = "<group>";
		};
/* End PBXGroup section */

/* Begin PBXNativeTarget section */
		25E4636A203CDCF300539375 /* stchy */ = {
			isa = PBXNativeTarget;
			buildConfigurationList = 25E46393203CDCF400539375 /* Build configuration list for PBXNativeTarget "stchy" */;
			buildPhases = (
				FB599E759B5F47E96C1069A8 /* [CP] Check Pods Manifest.lock */,
				25E46367203CDCF300539375 /* Sources */,
				25E46368203CDCF300539375 /* Frameworks */,
				25E46369203CDCF300539375 /* Resources */,
				F9EB36FFD2A239D71C71D9AD /* [CP] Embed Pods Frameworks */,
				8B29CFAD5CFBA778BCE49568 /* [CP] Copy Pods Resources */,
			);
			buildRules = (
			);
			dependencies = (
			);
			name = stchy;
			productName = stchy;
			productReference = 25E4636B203CDCF400539375 /* stchy.app */;
			productType = "com.apple.product-type.application";
		};
		25E4637E203CDCF400539375 /* stchyTests */ = {
			isa = PBXNativeTarget;
			buildConfigurationList = 25E46396203CDCF400539375 /* Build configuration list for PBXNativeTarget "stchyTests" */;
			buildPhases = (
				DBDFD7173771DC2D47802601 /* [CP] Check Pods Manifest.lock */,
				25E4637B203CDCF400539375 /* Sources */,
				25E4637C203CDCF400539375 /* Frameworks */,
				25E4637D203CDCF400539375 /* Resources */,
				B16BF193E3FF36B9B49D81CA /* [CP] Embed Pods Frameworks */,
				26FEF776C82C4D64149A5FFF /* [CP] Copy Pods Resources */,
			);
			buildRules = (
			);
			dependencies = (
				25E46381203CDCF400539375 /* PBXTargetDependency */,
			);
			name = stchyTests;
			productName = stchyTests;
			productReference = 25E4637F203CDCF400539375 /* stchyTests.xctest */;
			productType = "com.apple.product-type.bundle.unit-test";
		};
		25E46389203CDCF400539375 /* stchyUITests */ = {
			isa = PBXNativeTarget;
			buildConfigurationList = 25E46399203CDCF400539375 /* Build configuration list for PBXNativeTarget "stchyUITests" */;
			buildPhases = (
				907CFE53E5F84C9222EA7345 /* [CP] Check Pods Manifest.lock */,
				25E46386203CDCF400539375 /* Sources */,
				25E46387203CDCF400539375 /* Frameworks */,
				25E46388203CDCF400539375 /* Resources */,
				114FA2B824C91B4E30C9A006 /* [CP] Embed Pods Frameworks */,
				90A9E5D7D9A7741D2F5CF9B9 /* [CP] Copy Pods Resources */,
			);
			buildRules = (
			);
			dependencies = (
				25E4638C203CDCF400539375 /* PBXTargetDependency */,
			);
			name = stchyUITests;
			productName = stchyUITests;
			productReference = 25E4638A203CDCF400539375 /* stchyUITests.xctest */;
			productType = "com.apple.product-type.bundle.ui-testing";
		};
/* End PBXNativeTarget section */

/* Begin PBXProject section */
		25E46363203CDCF300539375 /* Project object */ = {
			isa = PBXProject;
			attributes = {
				LastSwiftUpdateCheck = 0920;
				LastUpgradeCheck = 0920;
				ORGANIZATIONNAME = "Blake Barrett";
				TargetAttributes = {
					25E4636A203CDCF300539375 = {
						CreatedOnToolsVersion = 9.2;
						ProvisioningStyle = Automatic;
					};
					25E4637E203CDCF400539375 = {
						CreatedOnToolsVersion = 9.2;
						ProvisioningStyle = Automatic;
						TestTargetID = 25E4636A203CDCF300539375;
					};
					25E46389203CDCF400539375 = {
						CreatedOnToolsVersion = 9.2;
						ProvisioningStyle = Automatic;
						TestTargetID = 25E4636A203CDCF300539375;
					};
				};
			};
			buildConfigurationList = 25E46366203CDCF300539375 /* Build configuration list for PBXProject "stchy" */;
			compatibilityVersion = "Xcode 8.0";
			developmentRegion = en;
			hasScannedForEncodings = 0;
			knownRegions = (
				en,
				Base,
			);
			mainGroup = 25E46362203CDCF300539375;
			productRefGroup = 25E4636C203CDCF400539375 /* Products */;
			projectDirPath = "";
			projectRoot = "";
			targets = (
				25E4636A203CDCF300539375 /* stchy */,
				25E4637E203CDCF400539375 /* stchyTests */,
				25E46389203CDCF400539375 /* stchyUITests */,
			);
		};
/* End PBXProject section */

/* Begin PBXResourcesBuildPhase section */
		25E46369203CDCF300539375 /* Resources */ = {
			isa = PBXResourcesBuildPhase;
			buildActionMask = 2147483647;
			files = (
				25E46379203CDCF400539375 /* LaunchScreen.storyboard in Resources */,
				25E46376203CDCF400539375 /* Assets.xcassets in Resources */,
				25C4AC3B2043F8FE00B4988F /* Main.storyboard in Resources */,
			);
			runOnlyForDeploymentPostprocessing = 0;
		};
		25E4637D203CDCF400539375 /* Resources */ = {
			isa = PBXResourcesBuildPhase;
			buildActionMask = 2147483647;
			files = (
			);
			runOnlyForDeploymentPostprocessing = 0;
		};
		25E46388203CDCF400539375 /* Resources */ = {
			isa = PBXResourcesBuildPhase;
			buildActionMask = 2147483647;
			files = (
			);
			runOnlyForDeploymentPostprocessing = 0;
		};
/* End PBXResourcesBuildPhase section */

/* Begin PBXShellScriptBuildPhase section */
		114FA2B824C91B4E30C9A006 /* [CP] Embed Pods Frameworks */ = {
			isa = PBXShellScriptBuildPhase;
			buildActionMask = 2147483647;
			files = (
			);
			inputPaths = (
			);
			name = "[CP] Embed Pods Frameworks";
			outputPaths = (
			);
			runOnlyForDeploymentPostprocessing = 0;
			shellPath = /bin/sh;
			shellScript = "\"${SRCROOT}/Pods/Target Support Files/Pods-stchyUITests/Pods-stchyUITests-frameworks.sh\"\n";
			showEnvVarsInLog = 0;
		};
		26FEF776C82C4D64149A5FFF /* [CP] Copy Pods Resources */ = {
			isa = PBXShellScriptBuildPhase;
			buildActionMask = 2147483647;
			files = (
			);
			inputPaths = (
			);
			name = "[CP] Copy Pods Resources";
			outputPaths = (
			);
			runOnlyForDeploymentPostprocessing = 0;
			shellPath = /bin/sh;
			shellScript = "\"${SRCROOT}/Pods/Target Support Files/Pods-stchyTests/Pods-stchyTests-resources.sh\"\n";
			showEnvVarsInLog = 0;
		};
		8B29CFAD5CFBA778BCE49568 /* [CP] Copy Pods Resources */ = {
			isa = PBXShellScriptBuildPhase;
			buildActionMask = 2147483647;
			files = (
			);
			inputPaths = (
			);
			name = "[CP] Copy Pods Resources";
			outputPaths = (
			);
			runOnlyForDeploymentPostprocessing = 0;
			shellPath = /bin/sh;
			shellScript = "\"${SRCROOT}/Pods/Target Support Files/Pods-stchy/Pods-stchy-resources.sh\"\n";
			showEnvVarsInLog = 0;
		};
		907CFE53E5F84C9222EA7345 /* [CP] Check Pods Manifest.lock */ = {
			isa = PBXShellScriptBuildPhase;
			buildActionMask = 2147483647;
			files = (
			);
			inputPaths = (
				"${PODS_PODFILE_DIR_PATH}/Podfile.lock",
				"${PODS_ROOT}/Manifest.lock",
			);
			name = "[CP] Check Pods Manifest.lock";
			outputPaths = (
				"$(DERIVED_FILE_DIR)/Pods-stchyUITests-checkManifestLockResult.txt",
			);
			runOnlyForDeploymentPostprocessing = 0;
			shellPath = /bin/sh;
			shellScript = "diff \"${PODS_PODFILE_DIR_PATH}/Podfile.lock\" \"${PODS_ROOT}/Manifest.lock\" > /dev/null\nif [ $? != 0 ] ; then\n    # print error to STDERR\n    echo \"error: The sandbox is not in sync with the Podfile.lock. Run 'pod install' or update your CocoaPods installation.\" >&2\n    exit 1\nfi\n# This output is used by Xcode 'outputs' to avoid re-running this script phase.\necho \"SUCCESS\" > \"${SCRIPT_OUTPUT_FILE_0}\"\n";
			showEnvVarsInLog = 0;
		};
		90A9E5D7D9A7741D2F5CF9B9 /* [CP] Copy Pods Resources */ = {
			isa = PBXShellScriptBuildPhase;
			buildActionMask = 2147483647;
			files = (
			);
			inputPaths = (
			);
			name = "[CP] Copy Pods Resources";
			outputPaths = (
			);
			runOnlyForDeploymentPostprocessing = 0;
			shellPath = /bin/sh;
			shellScript = "\"${SRCROOT}/Pods/Target Support Files/Pods-stchyUITests/Pods-stchyUITests-resources.sh\"\n";
			showEnvVarsInLog = 0;
		};
		B16BF193E3FF36B9B49D81CA /* [CP] Embed Pods Frameworks */ = {
			isa = PBXShellScriptBuildPhase;
			buildActionMask = 2147483647;
			files = (
			);
			inputPaths = (
			);
			name = "[CP] Embed Pods Frameworks";
			outputPaths = (
			);
			runOnlyForDeploymentPostprocessing = 0;
			shellPath = /bin/sh;
			shellScript = "\"${SRCROOT}/Pods/Target Support Files/Pods-stchyTests/Pods-stchyTests-frameworks.sh\"\n";
			showEnvVarsInLog = 0;
		};
		DBDFD7173771DC2D47802601 /* [CP] Check Pods Manifest.lock */ = {
			isa = PBXShellScriptBuildPhase;
			buildActionMask = 2147483647;
			files = (
			);
			inputPaths = (
				"${PODS_PODFILE_DIR_PATH}/Podfile.lock",
				"${PODS_ROOT}/Manifest.lock",
			);
			name = "[CP] Check Pods Manifest.lock";
			outputPaths = (
				"$(DERIVED_FILE_DIR)/Pods-stchyTests-checkManifestLockResult.txt",
			);
			runOnlyForDeploymentPostprocessing = 0;
			shellPath = /bin/sh;
			shellScript = "diff \"${PODS_PODFILE_DIR_PATH}/Podfile.lock\" \"${PODS_ROOT}/Manifest.lock\" > /dev/null\nif [ $? != 0 ] ; then\n    # print error to STDERR\n    echo \"error: The sandbox is not in sync with the Podfile.lock. Run 'pod install' or update your CocoaPods installation.\" >&2\n    exit 1\nfi\n# This output is used by Xcode 'outputs' to avoid re-running this script phase.\necho \"SUCCESS\" > \"${SCRIPT_OUTPUT_FILE_0}\"\n";
			showEnvVarsInLog = 0;
		};
		F9EB36FFD2A239D71C71D9AD /* [CP] Embed Pods Frameworks */ = {
			isa = PBXShellScriptBuildPhase;
			buildActionMask = 2147483647;
			files = (
			);
			inputPaths = (
				"${SRCROOT}/Pods/Target Support Files/Pods-stchy/Pods-stchy-frameworks.sh",
				"${BUILT_PRODUCTS_DIR}/BBButton/BBButton.framework",
				"${BUILT_PRODUCTS_DIR}/BBMultimediaUtils/BBMultimediaUtils.framework",
			);
			name = "[CP] Embed Pods Frameworks";
			outputPaths = (
				"${TARGET_BUILD_DIR}/${FRAMEWORKS_FOLDER_PATH}/BBButton.framework",
				"${TARGET_BUILD_DIR}/${FRAMEWORKS_FOLDER_PATH}/BBMultimediaUtils.framework",
			);
			runOnlyForDeploymentPostprocessing = 0;
			shellPath = /bin/sh;
			shellScript = "\"${SRCROOT}/Pods/Target Support Files/Pods-stchy/Pods-stchy-frameworks.sh\"\n";
			showEnvVarsInLog = 0;
		};
		FB599E759B5F47E96C1069A8 /* [CP] Check Pods Manifest.lock */ = {
			isa = PBXShellScriptBuildPhase;
			buildActionMask = 2147483647;
			files = (
			);
			inputPaths = (
				"${PODS_PODFILE_DIR_PATH}/Podfile.lock",
				"${PODS_ROOT}/Manifest.lock",
			);
			name = "[CP] Check Pods Manifest.lock";
			outputPaths = (
				"$(DERIVED_FILE_DIR)/Pods-stchy-checkManifestLockResult.txt",
			);
			runOnlyForDeploymentPostprocessing = 0;
			shellPath = /bin/sh;
			shellScript = "diff \"${PODS_PODFILE_DIR_PATH}/Podfile.lock\" \"${PODS_ROOT}/Manifest.lock\" > /dev/null\nif [ $? != 0 ] ; then\n    # print error to STDERR\n    echo \"error: The sandbox is not in sync with the Podfile.lock. Run 'pod install' or update your CocoaPods installation.\" >&2\n    exit 1\nfi\n# This output is used by Xcode 'outputs' to avoid re-running this script phase.\necho \"SUCCESS\" > \"${SCRIPT_OUTPUT_FILE_0}\"\n";
			showEnvVarsInLog = 0;
		};
/* End PBXShellScriptBuildPhase section */

/* Begin PBXSourcesBuildPhase section */
		25E46367203CDCF300539375 /* Sources */ = {
			isa = PBXSourcesBuildPhase;
			buildActionMask = 2147483647;
			files = (
				254DCB5F2043F8DE00146CA0 /* MasterViewController.swift in Sources */,
				25E463A5203D103700539375 /* GiphySearchViewController.swift in Sources */,
				25E463A3203CF31700539375 /* GiphyResult.swift in Sources */,
				25E46371203CDCF400539375 /* ViewController.swift in Sources */,
				25E463A1203CF1A700539375 /* GiphySearchAPI.swift in Sources */,
				254DCB612043F8DE00146CA0 /* DetailViewController.swift in Sources */,
				25C4AC5D2043FC6200B4988F /* AppDelegate.swift in Sources */,
				25F4764D203E309300D63AC0 /* GiphySearchTableViewCell.swift in Sources */,
			);
			runOnlyForDeploymentPostprocessing = 0;
		};
		25E4637B203CDCF400539375 /* Sources */ = {
			isa = PBXSourcesBuildPhase;
			buildActionMask = 2147483647;
			files = (
				25E46384203CDCF400539375 /* stchyTests.swift in Sources */,
			);
			runOnlyForDeploymentPostprocessing = 0;
		};
		25E46386203CDCF400539375 /* Sources */ = {
			isa = PBXSourcesBuildPhase;
			buildActionMask = 2147483647;
			files = (
				25E4638F203CDCF400539375 /* stchyUITests.swift in Sources */,
			);
			runOnlyForDeploymentPostprocessing = 0;
		};
/* End PBXSourcesBuildPhase section */

/* Begin PBXTargetDependency section */
		25E46381203CDCF400539375 /* PBXTargetDependency */ = {
			isa = PBXTargetDependency;
			target = 25E4636A203CDCF300539375 /* stchy */;
			targetProxy = 25E46380203CDCF400539375 /* PBXContainerItemProxy */;
		};
		25E4638C203CDCF400539375 /* PBXTargetDependency */ = {
			isa = PBXTargetDependency;
			target = 25E4636A203CDCF300539375 /* stchy */;
			targetProxy = 25E4638B203CDCF400539375 /* PBXContainerItemProxy */;
		};
/* End PBXTargetDependency section */

/* Begin PBXVariantGroup section */
		25E46377203CDCF400539375 /* LaunchScreen.storyboard */ = {
			isa = PBXVariantGroup;
			children = (
				25E46378203CDCF400539375 /* Base */,
			);
			name = LaunchScreen.storyboard;
			sourceTree = "<group>";
		};
/* End PBXVariantGroup section */

/* Begin XCBuildConfiguration section */
		25E46391203CDCF400539375 /* Debug */ = {
			isa = XCBuildConfiguration;
			buildSettings = {
				ALWAYS_SEARCH_USER_PATHS = NO;
				CLANG_ANALYZER_NONNULL = YES;
				CLANG_ANALYZER_NUMBER_OBJECT_CONVERSION = YES_AGGRESSIVE;
				CLANG_CXX_LANGUAGE_STANDARD = "gnu++14";
				CLANG_CXX_LIBRARY = "libc++";
				CLANG_ENABLE_MODULES = YES;
				CLANG_ENABLE_OBJC_ARC = YES;
				CLANG_WARN_BLOCK_CAPTURE_AUTORELEASING = YES;
				CLANG_WARN_BOOL_CONVERSION = YES;
				CLANG_WARN_COMMA = YES;
				CLANG_WARN_CONSTANT_CONVERSION = YES;
				CLANG_WARN_DIRECT_OBJC_ISA_USAGE = YES_ERROR;
				CLANG_WARN_DOCUMENTATION_COMMENTS = YES;
				CLANG_WARN_EMPTY_BODY = YES;
				CLANG_WARN_ENUM_CONVERSION = YES;
				CLANG_WARN_INFINITE_RECURSION = YES;
				CLANG_WARN_INT_CONVERSION = YES;
				CLANG_WARN_NON_LITERAL_NULL_CONVERSION = YES;
				CLANG_WARN_OBJC_LITERAL_CONVERSION = YES;
				CLANG_WARN_OBJC_ROOT_CLASS = YES_ERROR;
				CLANG_WARN_RANGE_LOOP_ANALYSIS = YES;
				CLANG_WARN_STRICT_PROTOTYPES = YES;
				CLANG_WARN_SUSPICIOUS_MOVE = YES;
				CLANG_WARN_UNGUARDED_AVAILABILITY = YES_AGGRESSIVE;
				CLANG_WARN_UNREACHABLE_CODE = YES;
				CLANG_WARN__DUPLICATE_METHOD_MATCH = YES;
				CODE_SIGN_IDENTITY = "iPhone Developer";
				COPY_PHASE_STRIP = NO;
				DEBUG_INFORMATION_FORMAT = dwarf;
				ENABLE_STRICT_OBJC_MSGSEND = YES;
				ENABLE_TESTABILITY = YES;
				GCC_C_LANGUAGE_STANDARD = gnu11;
				GCC_DYNAMIC_NO_PIC = NO;
				GCC_NO_COMMON_BLOCKS = YES;
				GCC_OPTIMIZATION_LEVEL = 0;
				GCC_PREPROCESSOR_DEFINITIONS = (
					"DEBUG=1",
					"$(inherited)",
				);
				GCC_WARN_64_TO_32_BIT_CONVERSION = YES;
				GCC_WARN_ABOUT_RETURN_TYPE = YES_ERROR;
				GCC_WARN_UNDECLARED_SELECTOR = YES;
				GCC_WARN_UNINITIALIZED_AUTOS = YES_AGGRESSIVE;
				GCC_WARN_UNUSED_FUNCTION = YES;
				GCC_WARN_UNUSED_VARIABLE = YES;
				IPHONEOS_DEPLOYMENT_TARGET = 11.2;
				MTL_ENABLE_DEBUG_INFO = YES;
				ONLY_ACTIVE_ARCH = YES;
				SDKROOT = iphoneos;
				SWIFT_ACTIVE_COMPILATION_CONDITIONS = DEBUG;
				SWIFT_OPTIMIZATION_LEVEL = "-Onone";
			};
			name = Debug;
		};
		25E46392203CDCF400539375 /* Release */ = {
			isa = XCBuildConfiguration;
			buildSettings = {
				ALWAYS_SEARCH_USER_PATHS = NO;
				CLANG_ANALYZER_NONNULL = YES;
				CLANG_ANALYZER_NUMBER_OBJECT_CONVERSION = YES_AGGRESSIVE;
				CLANG_CXX_LANGUAGE_STANDARD = "gnu++14";
				CLANG_CXX_LIBRARY = "libc++";
				CLANG_ENABLE_MODULES = YES;
				CLANG_ENABLE_OBJC_ARC = YES;
				CLANG_WARN_BLOCK_CAPTURE_AUTORELEASING = YES;
				CLANG_WARN_BOOL_CONVERSION = YES;
				CLANG_WARN_COMMA = YES;
				CLANG_WARN_CONSTANT_CONVERSION = YES;
				CLANG_WARN_DIRECT_OBJC_ISA_USAGE = YES_ERROR;
				CLANG_WARN_DOCUMENTATION_COMMENTS = YES;
				CLANG_WARN_EMPTY_BODY = YES;
				CLANG_WARN_ENUM_CONVERSION = YES;
				CLANG_WARN_INFINITE_RECURSION = YES;
				CLANG_WARN_INT_CONVERSION = YES;
				CLANG_WARN_NON_LITERAL_NULL_CONVERSION = YES;
				CLANG_WARN_OBJC_LITERAL_CONVERSION = YES;
				CLANG_WARN_OBJC_ROOT_CLASS = YES_ERROR;
				CLANG_WARN_RANGE_LOOP_ANALYSIS = YES;
				CLANG_WARN_STRICT_PROTOTYPES = YES;
				CLANG_WARN_SUSPICIOUS_MOVE = YES;
				CLANG_WARN_UNGUARDED_AVAILABILITY = YES_AGGRESSIVE;
				CLANG_WARN_UNREACHABLE_CODE = YES;
				CLANG_WARN__DUPLICATE_METHOD_MATCH = YES;
				CODE_SIGN_IDENTITY = "iPhone Developer";
				COPY_PHASE_STRIP = NO;
				DEBUG_INFORMATION_FORMAT = "dwarf-with-dsym";
				ENABLE_NS_ASSERTIONS = NO;
				ENABLE_STRICT_OBJC_MSGSEND = YES;
				GCC_C_LANGUAGE_STANDARD = gnu11;
				GCC_NO_COMMON_BLOCKS = YES;
				GCC_WARN_64_TO_32_BIT_CONVERSION = YES;
				GCC_WARN_ABOUT_RETURN_TYPE = YES_ERROR;
				GCC_WARN_UNDECLARED_SELECTOR = YES;
				GCC_WARN_UNINITIALIZED_AUTOS = YES_AGGRESSIVE;
				GCC_WARN_UNUSED_FUNCTION = YES;
				GCC_WARN_UNUSED_VARIABLE = YES;
				IPHONEOS_DEPLOYMENT_TARGET = 11.2;
				MTL_ENABLE_DEBUG_INFO = NO;
				SDKROOT = iphoneos;
				SWIFT_OPTIMIZATION_LEVEL = "-Owholemodule";
				VALIDATE_PRODUCT = YES;
			};
			name = Release;
		};
		25E46394203CDCF400539375 /* Debug */ = {
			isa = XCBuildConfiguration;
			baseConfigurationReference = 18ED6F3E2BC75E7980F904A3 /* Pods-stchy.debug.xcconfig */;
			buildSettings = {
				ASSETCATALOG_COMPILER_APPICON_NAME = AppIcon;
				CODE_SIGN_STYLE = Automatic;
				DEVELOPMENT_TEAM = JJNWD2J7X4;
				INFOPLIST_FILE = "$(SRCROOT)/stchy/SupportingFiles/Info.plist";
				LD_RUNPATH_SEARCH_PATHS = "$(inherited) @executable_path/Frameworks";
				PRODUCT_BUNDLE_IDENTIFIER = com.blakebarrett.stchy;
				PRODUCT_NAME = "$(TARGET_NAME)";
				SWIFT_VERSION = 4.0;
				TARGETED_DEVICE_FAMILY = "1,2";
			};
			name = Debug;
		};
		25E46395203CDCF400539375 /* Release */ = {
			isa = XCBuildConfiguration;
			baseConfigurationReference = 31AC3AC9436CC4661C6014A4 /* Pods-stchy.release.xcconfig */;
			buildSettings = {
				ASSETCATALOG_COMPILER_APPICON_NAME = AppIcon;
				CODE_SIGN_STYLE = Automatic;
				DEVELOPMENT_TEAM = JJNWD2J7X4;
				INFOPLIST_FILE = "$(SRCROOT)/stchy/SupportingFiles/Info.plist";
				LD_RUNPATH_SEARCH_PATHS = "$(inherited) @executable_path/Frameworks";
				PRODUCT_BUNDLE_IDENTIFIER = com.blakebarrett.stchy;
				PRODUCT_NAME = "$(TARGET_NAME)";
				SWIFT_VERSION = 4.0;
				TARGETED_DEVICE_FAMILY = "1,2";
			};
			name = Release;
		};
		25E46397203CDCF400539375 /* Debug */ = {
			isa = XCBuildConfiguration;
			baseConfigurationReference = E1954F48CD6D30A507383C6D /* Pods-stchyTests.debug.xcconfig */;
			buildSettings = {
				ALWAYS_EMBED_SWIFT_STANDARD_LIBRARIES = YES;
				BUNDLE_LOADER = "$(TEST_HOST)";
				CODE_SIGN_STYLE = Automatic;
				INFOPLIST_FILE = stchyTests/Info.plist;
				LD_RUNPATH_SEARCH_PATHS = "$(inherited) @executable_path/Frameworks @loader_path/Frameworks";
				PRODUCT_BUNDLE_IDENTIFIER = com.blakebarrett.stchyTests;
				PRODUCT_NAME = "$(TARGET_NAME)";
				SWIFT_VERSION = 4.0;
				TARGETED_DEVICE_FAMILY = "1,2";
				TEST_HOST = "$(BUILT_PRODUCTS_DIR)/stchy.app/stchy";
			};
			name = Debug;
		};
		25E46398203CDCF400539375 /* Release */ = {
			isa = XCBuildConfiguration;
			baseConfigurationReference = 605449E064FADF59A4EE68DC /* Pods-stchyTests.release.xcconfig */;
			buildSettings = {
				ALWAYS_EMBED_SWIFT_STANDARD_LIBRARIES = YES;
				BUNDLE_LOADER = "$(TEST_HOST)";
				CODE_SIGN_STYLE = Automatic;
				INFOPLIST_FILE = stchyTests/Info.plist;
				LD_RUNPATH_SEARCH_PATHS = "$(inherited) @executable_path/Frameworks @loader_path/Frameworks";
				PRODUCT_BUNDLE_IDENTIFIER = com.blakebarrett.stchyTests;
				PRODUCT_NAME = "$(TARGET_NAME)";
				SWIFT_VERSION = 4.0;
				TARGETED_DEVICE_FAMILY = "1,2";
				TEST_HOST = "$(BUILT_PRODUCTS_DIR)/stchy.app/stchy";
			};
			name = Release;
		};
		25E4639A203CDCF400539375 /* Debug */ = {
			isa = XCBuildConfiguration;
			baseConfigurationReference = CBE021151716BEFC32BB5F5B /* Pods-stchyUITests.debug.xcconfig */;
			buildSettings = {
				ALWAYS_EMBED_SWIFT_STANDARD_LIBRARIES = YES;
				CODE_SIGN_STYLE = Automatic;
				INFOPLIST_FILE = stchyUITests/Info.plist;
				LD_RUNPATH_SEARCH_PATHS = "$(inherited) @executable_path/Frameworks @loader_path/Frameworks";
				PRODUCT_BUNDLE_IDENTIFIER = com.blakebarrett.stchyUITests;
				PRODUCT_NAME = "$(TARGET_NAME)";
				SWIFT_VERSION = 4.0;
				TARGETED_DEVICE_FAMILY = "1,2";
				TEST_TARGET_NAME = stchy;
			};
			name = Debug;
		};
		25E4639B203CDCF400539375 /* Release */ = {
			isa = XCBuildConfiguration;
			baseConfigurationReference = 40AFB4F13AEE7AD95831D15B /* Pods-stchyUITests.release.xcconfig */;
			buildSettings = {
				ALWAYS_EMBED_SWIFT_STANDARD_LIBRARIES = YES;
				CODE_SIGN_STYLE = Automatic;
				INFOPLIST_FILE = stchyUITests/Info.plist;
				LD_RUNPATH_SEARCH_PATHS = "$(inherited) @executable_path/Frameworks @loader_path/Frameworks";
				PRODUCT_BUNDLE_IDENTIFIER = com.blakebarrett.stchyUITests;
				PRODUCT_NAME = "$(TARGET_NAME)";
				SWIFT_VERSION = 4.0;
				TARGETED_DEVICE_FAMILY = "1,2";
				TEST_TARGET_NAME = stchy;
			};
			name = Release;
		};
/* End XCBuildConfiguration section */

/* Begin XCConfigurationList section */
		25E46366203CDCF300539375 /* Build configuration list for PBXProject "stchy" */ = {
			isa = XCConfigurationList;
			buildConfigurations = (
				25E46391203CDCF400539375 /* Debug */,
				25E46392203CDCF400539375 /* Release */,
			);
			defaultConfigurationIsVisible = 0;
			defaultConfigurationName = Release;
		};
		25E46393203CDCF400539375 /* Build configuration list for PBXNativeTarget "stchy" */ = {
			isa = XCConfigurationList;
			buildConfigurations = (
				25E46394203CDCF400539375 /* Debug */,
				25E46395203CDCF400539375 /* Release */,
			);
			defaultConfigurationIsVisible = 0;
			defaultConfigurationName = Release;
		};
		25E46396203CDCF400539375 /* Build configuration list for PBXNativeTarget "stchyTests" */ = {
			isa = XCConfigurationList;
			buildConfigurations = (
				25E46397203CDCF400539375 /* Debug */,
				25E46398203CDCF400539375 /* Release */,
			);
			defaultConfigurationIsVisible = 0;
			defaultConfigurationName = Release;
		};
		25E46399203CDCF400539375 /* Build configuration list for PBXNativeTarget "stchyUITests" */ = {
			isa = XCConfigurationList;
			buildConfigurations = (
				25E4639A203CDCF400539375 /* Debug */,
				25E4639B203CDCF400539375 /* Release */,
			);
			defaultConfigurationIsVisible = 0;
			defaultConfigurationName = Release;
		};
/* End XCConfigurationList section */
	};
	rootObject = 25E46363203CDCF300539375 /* Project object */;
}
