PODS:
  - BBButton (0.1.0)
  - BBMultimediaUtils (0.1.4)

DEPENDENCIES:
  - BBButton
  - BBMultimediaUtils

SPEC CHECKSUMS:
  BBButton: 58502ed833b5654abaa6fff819efba40d7969a46
  BBMultimediaUtils: c7e7522cb5136bdb0e7d9d98bb23c736f7bc4e06

PODFILE CHECKSUM: 7caafc6b3d61a836732324c5b5c278a432173c7a

COCOAPODS: 1.4.0
